// !$*UTF8*$!
{
	archiveVersion = 1;
	classes = {
	};
	objectVersion = 48;
	objects = {

/* Begin PBXBuildFile section */
		18F5E4061F8DBEC200C8EDCC /* AppDelegate.swift in Sources */ = {isa = PBXBuildFile; fileRef = 18F5E4051F8DBEC200C8EDCC /* AppDelegate.swift */; };
		18F5E4081F8DBEC200C8EDCC /* ViewController.swift in Sources */ = {isa = PBXBuildFile; fileRef = 18F5E4071F8DBEC200C8EDCC /* ViewController.swift */; };
		18F5E40B1F8DBEC200C8EDCC /* Main.storyboard in Resources */ = {isa = PBXBuildFile; fileRef = 18F5E4091F8DBEC200C8EDCC /* Main.storyboard */; };
		18F5E40D1F8DBEC200C8EDCC /* Assets.xcassets in Resources */ = {isa = PBXBuildFile; fileRef = 18F5E40C1F8DBEC200C8EDCC /* Assets.xcassets */; };
		18F5E4101F8DBEC200C8EDCC /* LaunchScreen.storyboard in Resources */ = {isa = PBXBuildFile; fileRef = 18F5E40E1F8DBEC200C8EDCC /* LaunchScreen.storyboard */; };
		18F5E41B1F8DBEC200C8EDCC /* SwiftDemoTests.swift in Sources */ = {isa = PBXBuildFile; fileRef = 18F5E41A1F8DBEC200C8EDCC /* SwiftDemoTests.swift */; };
		18F5E4261F8DBEC200C8EDCC /* SwiftDemoUITests.swift in Sources */ = {isa = PBXBuildFile; fileRef = 18F5E4251F8DBEC200C8EDCC /* SwiftDemoUITests.swift */; };
		18F5E4341F8DBF0A00C8EDCC /* DYMainViewController.swift in Sources */ = {isa = PBXBuildFile; fileRef = 18F5E4331F8DBF0A00C8EDCC /* DYMainViewController.swift */; };
		18F5E43D1F8E054D00C8EDCC /* AppDelegate.swift in Sources */ = {isa = PBXBuildFile; fileRef = 18F5E43C1F8E054D00C8EDCC /* AppDelegate.swift */; };
		18F5E43F1F8E054D00C8EDCC /* ViewController.swift in Sources */ = {isa = PBXBuildFile; fileRef = 18F5E43E1F8E054D00C8EDCC /* ViewController.swift */; };
		18F5E4421F8E054D00C8EDCC /* Main.storyboard in Resources */ = {isa = PBXBuildFile; fileRef = 18F5E4401F8E054D00C8EDCC /* Main.storyboard */; };
		18F5E4441F8E054D00C8EDCC /* Assets.xcassets in Resources */ = {isa = PBXBuildFile; fileRef = 18F5E4431F8E054D00C8EDCC /* Assets.xcassets */; };
		18F5E4471F8E054D00C8EDCC /* LaunchScreen.storyboard in Resources */ = {isa = PBXBuildFile; fileRef = 18F5E4451F8E054D00C8EDCC /* LaunchScreen.storyboard */; };
		18F5E4521F8E054E00C8EDCC /* basicValueTests.swift in Sources */ = {isa = PBXBuildFile; fileRef = 18F5E4511F8E054E00C8EDCC /* basicValueTests.swift */; };
		18F5E45D1F8E054E00C8EDCC /* basicValueUITests.swift in Sources */ = {isa = PBXBuildFile; fileRef = 18F5E45C1F8E054E00C8EDCC /* basicValueUITests.swift */; };
		18F5E46F1F8E151600C8EDCC /* AppDelegate.swift in Sources */ = {isa = PBXBuildFile; fileRef = 18F5E46E1F8E151600C8EDCC /* AppDelegate.swift */; };
		18F5E4711F8E151600C8EDCC /* ViewController.swift in Sources */ = {isa = PBXBuildFile; fileRef = 18F5E4701F8E151600C8EDCC /* ViewController.swift */; };
		18F5E4741F8E151600C8EDCC /* Main.storyboard in Resources */ = {isa = PBXBuildFile; fileRef = 18F5E4721F8E151600C8EDCC /* Main.storyboard */; };
		18F5E4761F8E151600C8EDCC /* Assets.xcassets in Resources */ = {isa = PBXBuildFile; fileRef = 18F5E4751F8E151600C8EDCC /* Assets.xcassets */; };
		18F5E4791F8E151600C8EDCC /* LaunchScreen.storyboard in Resources */ = {isa = PBXBuildFile; fileRef = 18F5E4771F8E151600C8EDCC /* LaunchScreen.storyboard */; };
		18F5E4851F8E213600C8EDCC /* AppDelegate.swift in Sources */ = {isa = PBXBuildFile; fileRef = 18F5E4841F8E213600C8EDCC /* AppDelegate.swift */; };
		18F5E4871F8E213600C8EDCC /* ViewController.swift in Sources */ = {isa = PBXBuildFile; fileRef = 18F5E4861F8E213600C8EDCC /* ViewController.swift */; };
		18F5E48A1F8E213600C8EDCC /* Main.storyboard in Resources */ = {isa = PBXBuildFile; fileRef = 18F5E4881F8E213600C8EDCC /* Main.storyboard */; };
		18F5E48C1F8E213600C8EDCC /* Assets.xcassets in Resources */ = {isa = PBXBuildFile; fileRef = 18F5E48B1F8E213600C8EDCC /* Assets.xcassets */; };
		18F5E48F1F8E213600C8EDCC /* LaunchScreen.storyboard in Resources */ = {isa = PBXBuildFile; fileRef = 18F5E48D1F8E213600C8EDCC /* LaunchScreen.storyboard */; };
		18F5E4951F8EF87200C8EDCC /* Shape.swift in Sources */ = {isa = PBXBuildFile; fileRef = 18F5E4941F8EF87200C8EDCC /* Shape.swift */; };
		18F5E4971F8F002000C8EDCC /* NameShape.swift in Sources */ = {isa = PBXBuildFile; fileRef = 18F5E4961F8F002000C8EDCC /* NameShape.swift */; };
		18F5E49F1F8F1E0800C8EDCC /* AppDelegate.swift in Sources */ = {isa = PBXBuildFile; fileRef = 18F5E49E1F8F1E0800C8EDCC /* AppDelegate.swift */; };
		18F5E4A11F8F1E0800C8EDCC /* ViewController.swift in Sources */ = {isa = PBXBuildFile; fileRef = 18F5E4A01F8F1E0800C8EDCC /* ViewController.swift */; };
		18F5E4A41F8F1E0800C8EDCC /* Main.storyboard in Resources */ = {isa = PBXBuildFile; fileRef = 18F5E4A21F8F1E0800C8EDCC /* Main.storyboard */; };
		18F5E4A61F8F1E0800C8EDCC /* Assets.xcassets in Resources */ = {isa = PBXBuildFile; fileRef = 18F5E4A51F8F1E0800C8EDCC /* Assets.xcassets */; };
		18F5E4A91F8F1E0800C8EDCC /* LaunchScreen.storyboard in Resources */ = {isa = PBXBuildFile; fileRef = 18F5E4A71F8F1E0800C8EDCC /* LaunchScreen.storyboard */; };
		18F5E4B51F8F745E00C8EDCC /* AppDelegate.swift in Sources */ = {isa = PBXBuildFile; fileRef = 18F5E4B41F8F745E00C8EDCC /* AppDelegate.swift */; };
		18F5E4B71F8F745E00C8EDCC /* ViewController.swift in Sources */ = {isa = PBXBuildFile; fileRef = 18F5E4B61F8F745E00C8EDCC /* ViewController.swift */; };
		18F5E4BA1F8F745E00C8EDCC /* Main.storyboard in Resources */ = {isa = PBXBuildFile; fileRef = 18F5E4B81F8F745E00C8EDCC /* Main.storyboard */; };
		18F5E4BC1F8F745E00C8EDCC /* Assets.xcassets in Resources */ = {isa = PBXBuildFile; fileRef = 18F5E4BB1F8F745E00C8EDCC /* Assets.xcassets */; };
		18F5E4BF1F8F745E00C8EDCC /* LaunchScreen.storyboard in Resources */ = {isa = PBXBuildFile; fileRef = 18F5E4BD1F8F745E00C8EDCC /* LaunchScreen.storyboard */; };
		E4DD3C8A201F51D00042435C /* AppDelegate.swift in Sources */ = {isa = PBXBuildFile; fileRef = E4DD3C89201F51D00042435C /* AppDelegate.swift */; };
		E4DD3C8C201F51D00042435C /* ViewController.swift in Sources */ = {isa = PBXBuildFile; fileRef = E4DD3C8B201F51D00042435C /* ViewController.swift */; };
		E4DD3C8F201F51D00042435C /* Main.storyboard in Resources */ = {isa = PBXBuildFile; fileRef = E4DD3C8D201F51D00042435C /* Main.storyboard */; };
		E4DD3C91201F51D00042435C /* Assets.xcassets in Resources */ = {isa = PBXBuildFile; fileRef = E4DD3C90201F51D00042435C /* Assets.xcassets */; };
		E4DD3C94201F51D00042435C /* LaunchScreen.storyboard in Resources */ = {isa = PBXBuildFile; fileRef = E4DD3C92201F51D00042435C /* LaunchScreen.storyboard */; };
		E4DD3CA0201F5A780042435C /* AppDelegate.swift in Sources */ = {isa = PBXBuildFile; fileRef = E4DD3C9F201F5A780042435C /* AppDelegate.swift */; };
		E4DD3CA2201F5A780042435C /* ViewController.swift in Sources */ = {isa = PBXBuildFile; fileRef = E4DD3CA1201F5A780042435C /* ViewController.swift */; };
		E4DD3CA5201F5A780042435C /* Main.storyboard in Resources */ = {isa = PBXBuildFile; fileRef = E4DD3CA3201F5A780042435C /* Main.storyboard */; };
		E4DD3CA7201F5A780042435C /* Assets.xcassets in Resources */ = {isa = PBXBuildFile; fileRef = E4DD3CA6201F5A780042435C /* Assets.xcassets */; };
		E4DD3CAA201F5A780042435C /* LaunchScreen.storyboard in Resources */ = {isa = PBXBuildFile; fileRef = E4DD3CA8201F5A780042435C /* LaunchScreen.storyboard */; };
/* End PBXBuildFile section */

/* Begin PBXContainerItemProxy section */
		18F5E4171F8DBEC200C8EDCC /* PBXContainerItemProxy */ = {
			isa = PBXContainerItemProxy;
			containerPortal = 18F5E3FA1F8DBEC200C8EDCC /* Project object */;
			proxyType = 1;
			remoteGlobalIDString = 18F5E4011F8DBEC200C8EDCC;
			remoteInfo = SwiftDemo;
		};
		18F5E4221F8DBEC200C8EDCC /* PBXContainerItemProxy */ = {
			isa = PBXContainerItemProxy;
			containerPortal = 18F5E3FA1F8DBEC200C8EDCC /* Project object */;
			proxyType = 1;
			remoteGlobalIDString = 18F5E4011F8DBEC200C8EDCC;
			remoteInfo = SwiftDemo;
		};
		18F5E44E1F8E054E00C8EDCC /* PBXContainerItemProxy */ = {
			isa = PBXContainerItemProxy;
			containerPortal = 18F5E3FA1F8DBEC200C8EDCC /* Project object */;
			proxyType = 1;
			remoteGlobalIDString = 18F5E4391F8E054D00C8EDCC;
			remoteInfo = basicValue;
		};
		18F5E4591F8E054E00C8EDCC /* PBXContainerItemProxy */ = {
			isa = PBXContainerItemProxy;
			containerPortal = 18F5E3FA1F8DBEC200C8EDCC /* Project object */;
			proxyType = 1;
			remoteGlobalIDString = 18F5E4391F8E054D00C8EDCC;
			remoteInfo = basicValue;
		};
/* End PBXContainerItemProxy section */

/* Begin PBXFileReference section */
		18F5E4021F8DBEC200C8EDCC /* SwiftDemo.app */ = {isa = PBXFileReference; explicitFileType = wrapper.application; includeInIndex = 0; path = SwiftDemo.app; sourceTree = BUILT_PRODUCTS_DIR; };
		18F5E4051F8DBEC200C8EDCC /* AppDelegate.swift */ = {isa = PBXFileReference; lastKnownFileType = sourcecode.swift; path = AppDelegate.swift; sourceTree = "<group>"; };
		18F5E4071F8DBEC200C8EDCC /* ViewController.swift */ = {isa = PBXFileReference; lastKnownFileType = sourcecode.swift; path = ViewController.swift; sourceTree = "<group>"; };
		18F5E40A1F8DBEC200C8EDCC /* Base */ = {isa = PBXFileReference; lastKnownFileType = file.storyboard; name = Base; path = Base.lproj/Main.storyboard; sourceTree = "<group>"; };
		18F5E40C1F8DBEC200C8EDCC /* Assets.xcassets */ = {isa = PBXFileReference; lastKnownFileType = folder.assetcatalog; path = Assets.xcassets; sourceTree = "<group>"; };
		18F5E40F1F8DBEC200C8EDCC /* Base */ = {isa = PBXFileReference; lastKnownFileType = file.storyboard; name = Base; path = Base.lproj/LaunchScreen.storyboard; sourceTree = "<group>"; };
		18F5E4111F8DBEC200C8EDCC /* Info.plist */ = {isa = PBXFileReference; lastKnownFileType = text.plist.xml; path = Info.plist; sourceTree = "<group>"; };
		18F5E4161F8DBEC200C8EDCC /* SwiftDemoTests.xctest */ = {isa = PBXFileReference; explicitFileType = wrapper.cfbundle; includeInIndex = 0; path = SwiftDemoTests.xctest; sourceTree = BUILT_PRODUCTS_DIR; };
		18F5E41A1F8DBEC200C8EDCC /* SwiftDemoTests.swift */ = {isa = PBXFileReference; lastKnownFileType = sourcecode.swift; path = SwiftDemoTests.swift; sourceTree = "<group>"; };
		18F5E41C1F8DBEC200C8EDCC /* Info.plist */ = {isa = PBXFileReference; lastKnownFileType = text.plist.xml; path = Info.plist; sourceTree = "<group>"; };
		18F5E4211F8DBEC200C8EDCC /* SwiftDemoUITests.xctest */ = {isa = PBXFileReference; explicitFileType = wrapper.cfbundle; includeInIndex = 0; path = SwiftDemoUITests.xctest; sourceTree = BUILT_PRODUCTS_DIR; };
		18F5E4251F8DBEC200C8EDCC /* SwiftDemoUITests.swift */ = {isa = PBXFileReference; lastKnownFileType = sourcecode.swift; path = SwiftDemoUITests.swift; sourceTree = "<group>"; };
		18F5E4271F8DBEC200C8EDCC /* Info.plist */ = {isa = PBXFileReference; lastKnownFileType = text.plist.xml; path = Info.plist; sourceTree = "<group>"; };
		18F5E4331F8DBF0A00C8EDCC /* DYMainViewController.swift */ = {isa = PBXFileReference; lastKnownFileType = sourcecode.swift; path = DYMainViewController.swift; sourceTree = "<group>"; };
		18F5E43A1F8E054D00C8EDCC /* basicValue.app */ = {isa = PBXFileReference; explicitFileType = wrapper.application; includeInIndex = 0; path = basicValue.app; sourceTree = BUILT_PRODUCTS_DIR; };
		18F5E43C1F8E054D00C8EDCC /* AppDelegate.swift */ = {isa = PBXFileReference; lastKnownFileType = sourcecode.swift; path = AppDelegate.swift; sourceTree = "<group>"; };
		18F5E43E1F8E054D00C8EDCC /* ViewController.swift */ = {isa = PBXFileReference; lastKnownFileType = sourcecode.swift; path = ViewController.swift; sourceTree = "<group>"; };
		18F5E4411F8E054D00C8EDCC /* Base */ = {isa = PBXFileReference; lastKnownFileType = file.storyboard; name = Base; path = Base.lproj/Main.storyboard; sourceTree = "<group>"; };
		18F5E4431F8E054D00C8EDCC /* Assets.xcassets */ = {isa = PBXFileReference; lastKnownFileType = folder.assetcatalog; path = Assets.xcassets; sourceTree = "<group>"; };
		18F5E4461F8E054D00C8EDCC /* Base */ = {isa = PBXFileReference; lastKnownFileType = file.storyboard; name = Base; path = Base.lproj/LaunchScreen.storyboard; sourceTree = "<group>"; };
		18F5E4481F8E054D00C8EDCC /* Info.plist */ = {isa = PBXFileReference; lastKnownFileType = text.plist.xml; path = Info.plist; sourceTree = "<group>"; };
		18F5E44D1F8E054E00C8EDCC /* basicValueTests.xctest */ = {isa = PBXFileReference; explicitFileType = wrapper.cfbundle; includeInIndex = 0; path = basicValueTests.xctest; sourceTree = BUILT_PRODUCTS_DIR; };
		18F5E4511F8E054E00C8EDCC /* basicValueTests.swift */ = {isa = PBXFileReference; lastKnownFileType = sourcecode.swift; path = basicValueTests.swift; sourceTree = "<group>"; };
		18F5E4531F8E054E00C8EDCC /* Info.plist */ = {isa = PBXFileReference; lastKnownFileType = text.plist.xml; path = Info.plist; sourceTree = "<group>"; };
		18F5E4581F8E054E00C8EDCC /* basicValueUITests.xctest */ = {isa = PBXFileReference; explicitFileType = wrapper.cfbundle; includeInIndex = 0; path = basicValueUITests.xctest; sourceTree = BUILT_PRODUCTS_DIR; };
		18F5E45C1F8E054E00C8EDCC /* basicValueUITests.swift */ = {isa = PBXFileReference; lastKnownFileType = sourcecode.swift; path = basicValueUITests.swift; sourceTree = "<group>"; };
		18F5E45E1F8E054E00C8EDCC /* Info.plist */ = {isa = PBXFileReference; lastKnownFileType = text.plist.xml; path = Info.plist; sourceTree = "<group>"; };
		18F5E46C1F8E151600C8EDCC /* 闭包和函数.app */ = {isa = PBXFileReference; explicitFileType = wrapper.application; includeInIndex = 0; path = "闭包和函数.app"; sourceTree = BUILT_PRODUCTS_DIR; };
		18F5E46E1F8E151600C8EDCC /* AppDelegate.swift */ = {isa = PBXFileReference; lastKnownFileType = sourcecode.swift; path = AppDelegate.swift; sourceTree = "<group>"; };
		18F5E4701F8E151600C8EDCC /* ViewController.swift */ = {isa = PBXFileReference; lastKnownFileType = sourcecode.swift; path = ViewController.swift; sourceTree = "<group>"; };
		18F5E4731F8E151600C8EDCC /* Base */ = {isa = PBXFileReference; lastKnownFileType = file.storyboard; name = Base; path = Base.lproj/Main.storyboard; sourceTree = "<group>"; };
		18F5E4751F8E151600C8EDCC /* Assets.xcassets */ = {isa = PBXFileReference; lastKnownFileType = folder.assetcatalog; path = Assets.xcassets; sourceTree = "<group>"; };
		18F5E4781F8E151600C8EDCC /* Base */ = {isa = PBXFileReference; lastKnownFileType = file.storyboard; name = Base; path = Base.lproj/LaunchScreen.storyboard; sourceTree = "<group>"; };
		18F5E47A1F8E151600C8EDCC /* Info.plist */ = {isa = PBXFileReference; lastKnownFileType = text.plist.xml; path = Info.plist; sourceTree = "<group>"; };
		18F5E4821F8E213600C8EDCC /* 对象和类.app */ = {isa = PBXFileReference; explicitFileType = wrapper.application; includeInIndex = 0; path = "对象和类.app"; sourceTree = BUILT_PRODUCTS_DIR; };
		18F5E4841F8E213600C8EDCC /* AppDelegate.swift */ = {isa = PBXFileReference; lastKnownFileType = sourcecode.swift; path = AppDelegate.swift; sourceTree = "<group>"; };
		18F5E4861F8E213600C8EDCC /* ViewController.swift */ = {isa = PBXFileReference; lastKnownFileType = sourcecode.swift; path = ViewController.swift; sourceTree = "<group>"; };
		18F5E4891F8E213600C8EDCC /* Base */ = {isa = PBXFileReference; lastKnownFileType = file.storyboard; name = Base; path = Base.lproj/Main.storyboard; sourceTree = "<group>"; };
		18F5E48B1F8E213600C8EDCC /* Assets.xcassets */ = {isa = PBXFileReference; lastKnownFileType = folder.assetcatalog; path = Assets.xcassets; sourceTree = "<group>"; };
		18F5E48E1F8E213600C8EDCC /* Base */ = {isa = PBXFileReference; lastKnownFileType = file.storyboard; name = Base; path = Base.lproj/LaunchScreen.storyboard; sourceTree = "<group>"; };
		18F5E4901F8E213600C8EDCC /* Info.plist */ = {isa = PBXFileReference; lastKnownFileType = text.plist.xml; path = Info.plist; sourceTree = "<group>"; };
		18F5E4941F8EF87200C8EDCC /* Shape.swift */ = {isa = PBXFileReference; lastKnownFileType = sourcecode.swift; path = Shape.swift; sourceTree = "<group>"; };
		18F5E4961F8F002000C8EDCC /* NameShape.swift */ = {isa = PBXFileReference; lastKnownFileType = sourcecode.swift; path = NameShape.swift; sourceTree = "<group>"; };
		18F5E49C1F8F1E0800C8EDCC /* 枚举和结构体.app */ = {isa = PBXFileReference; explicitFileType = wrapper.application; includeInIndex = 0; path = "枚举和结构体.app"; sourceTree = BUILT_PRODUCTS_DIR; };
		18F5E49E1F8F1E0800C8EDCC /* AppDelegate.swift */ = {isa = PBXFileReference; lastKnownFileType = sourcecode.swift; path = AppDelegate.swift; sourceTree = "<group>"; };
		18F5E4A01F8F1E0800C8EDCC /* ViewController.swift */ = {isa = PBXFileReference; lastKnownFileType = sourcecode.swift; path = ViewController.swift; sourceTree = "<group>"; };
		18F5E4A31F8F1E0800C8EDCC /* Base */ = {isa = PBXFileReference; lastKnownFileType = file.storyboard; name = Base; path = Base.lproj/Main.storyboard; sourceTree = "<group>"; };
		18F5E4A51F8F1E0800C8EDCC /* Assets.xcassets */ = {isa = PBXFileReference; lastKnownFileType = folder.assetcatalog; path = Assets.xcassets; sourceTree = "<group>"; };
		18F5E4A81F8F1E0800C8EDCC /* Base */ = {isa = PBXFileReference; lastKnownFileType = file.storyboard; name = Base; path = Base.lproj/LaunchScreen.storyboard; sourceTree = "<group>"; };
		18F5E4AA1F8F1E0800C8EDCC /* Info.plist */ = {isa = PBXFileReference; lastKnownFileType = text.plist.xml; path = Info.plist; sourceTree = "<group>"; };
		18F5E4B21F8F745E00C8EDCC /* 协议和扩展.app */ = {isa = PBXFileReference; explicitFileType = wrapper.application; includeInIndex = 0; path = "协议和扩展.app"; sourceTree = BUILT_PRODUCTS_DIR; };
		18F5E4B41F8F745E00C8EDCC /* AppDelegate.swift */ = {isa = PBXFileReference; lastKnownFileType = sourcecode.swift; path = AppDelegate.swift; sourceTree = "<group>"; };
		18F5E4B61F8F745E00C8EDCC /* ViewController.swift */ = {isa = PBXFileReference; lastKnownFileType = sourcecode.swift; path = ViewController.swift; sourceTree = "<group>"; };
		18F5E4B91F8F745E00C8EDCC /* Base */ = {isa = PBXFileReference; lastKnownFileType = file.storyboard; name = Base; path = Base.lproj/Main.storyboard; sourceTree = "<group>"; };
		18F5E4BB1F8F745E00C8EDCC /* Assets.xcassets */ = {isa = PBXFileReference; lastKnownFileType = folder.assetcatalog; path = Assets.xcassets; sourceTree = "<group>"; };
		18F5E4BE1F8F745E00C8EDCC /* Base */ = {isa = PBXFileReference; lastKnownFileType = file.storyboard; name = Base; path = Base.lproj/LaunchScreen.storyboard; sourceTree = "<group>"; };
		18F5E4C01F8F745E00C8EDCC /* Info.plist */ = {isa = PBXFileReference; lastKnownFileType = text.plist.xml; path = Info.plist; sourceTree = "<group>"; };
		E4DD3C87201F51D00042435C /* 错误处理.app */ = {isa = PBXFileReference; explicitFileType = wrapper.application; includeInIndex = 0; path = "错误处理.app"; sourceTree = BUILT_PRODUCTS_DIR; };
		E4DD3C89201F51D00042435C /* AppDelegate.swift */ = {isa = PBXFileReference; lastKnownFileType = sourcecode.swift; path = AppDelegate.swift; sourceTree = "<group>"; };
		E4DD3C8B201F51D00042435C /* ViewController.swift */ = {isa = PBXFileReference; lastKnownFileType = sourcecode.swift; path = ViewController.swift; sourceTree = "<group>"; };
		E4DD3C8E201F51D00042435C /* Base */ = {isa = PBXFileReference; lastKnownFileType = file.storyboard; name = Base; path = Base.lproj/Main.storyboard; sourceTree = "<group>"; };
		E4DD3C90201F51D00042435C /* Assets.xcassets */ = {isa = PBXFileReference; lastKnownFileType = folder.assetcatalog; path = Assets.xcassets; sourceTree = "<group>"; };
		E4DD3C93201F51D00042435C /* Base */ = {isa = PBXFileReference; lastKnownFileType = file.storyboard; name = Base; path = Base.lproj/LaunchScreen.storyboard; sourceTree = "<group>"; };
		E4DD3C95201F51D00042435C /* Info.plist */ = {isa = PBXFileReference; lastKnownFileType = text.plist.xml; path = Info.plist; sourceTree = "<group>"; };
		E4DD3C9D201F5A780042435C /* 泛型.app */ = {isa = PBXFileReference; explicitFileType = wrapper.application; includeInIndex = 0; path = "泛型.app"; sourceTree = BUILT_PRODUCTS_DIR; };
		E4DD3C9F201F5A780042435C /* AppDelegate.swift */ = {isa = PBXFileReference; lastKnownFileType = sourcecode.swift; path = AppDelegate.swift; sourceTree = "<group>"; };
		E4DD3CA1201F5A780042435C /* ViewController.swift */ = {isa = PBXFileReference; lastKnownFileType = sourcecode.swift; path = ViewController.swift; sourceTree = "<group>"; };
		E4DD3CA4201F5A780042435C /* Base */ = {isa = PBXFileReference; lastKnownFileType = file.storyboard; name = Base; path = Base.lproj/Main.storyboard; sourceTree = "<group>"; };
		E4DD3CA6201F5A780042435C /* Assets.xcassets */ = {isa = PBXFileReference; lastKnownFileType = folder.assetcatalog; path = Assets.xcassets; sourceTree = "<group>"; };
		E4DD3CA9201F5A780042435C /* Base */ = {isa = PBXFileReference; lastKnownFileType = file.storyboard; name = Base; path = Base.lproj/LaunchScreen.storyboard; sourceTree = "<group>"; };
		E4DD3CAB201F5A780042435C /* Info.plist */ = {isa = PBXFileReference; lastKnownFileType = text.plist.xml; path = Info.plist; sourceTree = "<group>"; };
/* End PBXFileReference section */

/* Begin PBXFrameworksBuildPhase section */
		18F5E3FF1F8DBEC200C8EDCC /* Frameworks */ = {
			isa = PBXFrameworksBuildPhase;
			buildActionMask = 2147483647;
			files = (
			);
			runOnlyForDeploymentPostprocessing = 0;
		};
		18F5E4131F8DBEC200C8EDCC /* Frameworks */ = {
			isa = PBXFrameworksBuildPhase;
			buildActionMask = 2147483647;
			files = (
			);
			runOnlyForDeploymentPostprocessing = 0;
		};
		18F5E41E1F8DBEC200C8EDCC /* Frameworks */ = {
			isa = PBXFrameworksBuildPhase;
			buildActionMask = 2147483647;
			files = (
			);
			runOnlyForDeploymentPostprocessing = 0;
		};
		18F5E4371F8E054D00C8EDCC /* Frameworks */ = {
			isa = PBXFrameworksBuildPhase;
			buildActionMask = 2147483647;
			files = (
			);
			runOnlyForDeploymentPostprocessing = 0;
		};
		18F5E44A1F8E054E00C8EDCC /* Frameworks */ = {
			isa = PBXFrameworksBuildPhase;
			buildActionMask = 2147483647;
			files = (
			);
			runOnlyForDeploymentPostprocessing = 0;
		};
		18F5E4551F8E054E00C8EDCC /* Frameworks */ = {
			isa = PBXFrameworksBuildPhase;
			buildActionMask = 2147483647;
			files = (
			);
			runOnlyForDeploymentPostprocessing = 0;
		};
		18F5E4691F8E151600C8EDCC /* Frameworks */ = {
			isa = PBXFrameworksBuildPhase;
			buildActionMask = 2147483647;
			files = (
			);
			runOnlyForDeploymentPostprocessing = 0;
		};
		18F5E47F1F8E213600C8EDCC /* Frameworks */ = {
			isa = PBXFrameworksBuildPhase;
			buildActionMask = 2147483647;
			files = (
			);
			runOnlyForDeploymentPostprocessing = 0;
		};
		18F5E4991F8F1E0800C8EDCC /* Frameworks */ = {
			isa = PBXFrameworksBuildPhase;
			buildActionMask = 2147483647;
			files = (
			);
			runOnlyForDeploymentPostprocessing = 0;
		};
		18F5E4AF1F8F745E00C8EDCC /* Frameworks */ = {
			isa = PBXFrameworksBuildPhase;
			buildActionMask = 2147483647;
			files = (
			);
			runOnlyForDeploymentPostprocessing = 0;
		};
		E4DD3C84201F51D00042435C /* Frameworks */ = {
			isa = PBXFrameworksBuildPhase;
			buildActionMask = 2147483647;
			files = (
			);
			runOnlyForDeploymentPostprocessing = 0;
		};
		E4DD3C9A201F5A780042435C /* Frameworks */ = {
			isa = PBXFrameworksBuildPhase;
			buildActionMask = 2147483647;
			files = (
			);
			runOnlyForDeploymentPostprocessing = 0;
		};
/* End PBXFrameworksBuildPhase section */

/* Begin PBXGroup section */
		18F5E3F91F8DBEC200C8EDCC = {
			isa = PBXGroup;
			children = (
				18F5E4041F8DBEC200C8EDCC /* SwiftDemo */,
				18F5E4191F8DBEC200C8EDCC /* SwiftDemoTests */,
				18F5E4241F8DBEC200C8EDCC /* SwiftDemoUITests */,
				18F5E43B1F8E054D00C8EDCC /* basicValue */,
				18F5E4501F8E054E00C8EDCC /* basicValueTests */,
				18F5E45B1F8E054E00C8EDCC /* basicValueUITests */,
				18F5E46D1F8E151600C8EDCC /* 闭包和函数 */,
				18F5E4831F8E213600C8EDCC /* 对象和类 */,
				18F5E49D1F8F1E0800C8EDCC /* 枚举和结构体 */,
				18F5E4B31F8F745E00C8EDCC /* 协议和扩展 */,
				E4DD3C88201F51D00042435C /* 错误处理 */,
				E4DD3C9E201F5A780042435C /* 泛型 */,
				18F5E4031F8DBEC200C8EDCC /* Products */,
			);
			sourceTree = "<group>";
		};
		18F5E4031F8DBEC200C8EDCC /* Products */ = {
			isa = PBXGroup;
			children = (
				18F5E4021F8DBEC200C8EDCC /* SwiftDemo.app */,
				18F5E4161F8DBEC200C8EDCC /* SwiftDemoTests.xctest */,
				18F5E4211F8DBEC200C8EDCC /* SwiftDemoUITests.xctest */,
				18F5E43A1F8E054D00C8EDCC /* basicValue.app */,
				18F5E44D1F8E054E00C8EDCC /* basicValueTests.xctest */,
				18F5E4581F8E054E00C8EDCC /* basicValueUITests.xctest */,
				18F5E46C1F8E151600C8EDCC /* 闭包和函数.app */,
				18F5E4821F8E213600C8EDCC /* 对象和类.app */,
				18F5E49C1F8F1E0800C8EDCC /* 枚举和结构体.app */,
				18F5E4B21F8F745E00C8EDCC /* 协议和扩展.app */,
				E4DD3C87201F51D00042435C /* 错误处理.app */,
				E4DD3C9D201F5A780042435C /* 泛型.app */,
			);
			name = Products;
			sourceTree = "<group>";
		};
		18F5E4041F8DBEC200C8EDCC /* SwiftDemo */ = {
			isa = PBXGroup;
			children = (
				18F5E4051F8DBEC200C8EDCC /* AppDelegate.swift */,
				18F5E4071F8DBEC200C8EDCC /* ViewController.swift */,
				18F5E4091F8DBEC200C8EDCC /* Main.storyboard */,
				18F5E40C1F8DBEC200C8EDCC /* Assets.xcassets */,
				18F5E40E1F8DBEC200C8EDCC /* LaunchScreen.storyboard */,
				18F5E4111F8DBEC200C8EDCC /* Info.plist */,
				18F5E4331F8DBF0A00C8EDCC /* DYMainViewController.swift */,
			);
			path = SwiftDemo;
			sourceTree = "<group>";
		};
		18F5E4191F8DBEC200C8EDCC /* SwiftDemoTests */ = {
			isa = PBXGroup;
			children = (
				18F5E41A1F8DBEC200C8EDCC /* SwiftDemoTests.swift */,
				18F5E41C1F8DBEC200C8EDCC /* Info.plist */,
			);
			path = SwiftDemoTests;
			sourceTree = "<group>";
		};
		18F5E4241F8DBEC200C8EDCC /* SwiftDemoUITests */ = {
			isa = PBXGroup;
			children = (
				18F5E4251F8DBEC200C8EDCC /* SwiftDemoUITests.swift */,
				18F5E4271F8DBEC200C8EDCC /* Info.plist */,
			);
			path = SwiftDemoUITests;
			sourceTree = "<group>";
		};
		18F5E43B1F8E054D00C8EDCC /* basicValue */ = {
			isa = PBXGroup;
			children = (
				18F5E43C1F8E054D00C8EDCC /* AppDelegate.swift */,
				18F5E43E1F8E054D00C8EDCC /* ViewController.swift */,
				18F5E4401F8E054D00C8EDCC /* Main.storyboard */,
				18F5E4431F8E054D00C8EDCC /* Assets.xcassets */,
				18F5E4451F8E054D00C8EDCC /* LaunchScreen.storyboard */,
				18F5E4481F8E054D00C8EDCC /* Info.plist */,
			);
			path = basicValue;
			sourceTree = "<group>";
		};
		18F5E4501F8E054E00C8EDCC /* basicValueTests */ = {
			isa = PBXGroup;
			children = (
				18F5E4511F8E054E00C8EDCC /* basicValueTests.swift */,
				18F5E4531F8E054E00C8EDCC /* Info.plist */,
			);
			path = basicValueTests;
			sourceTree = "<group>";
		};
		18F5E45B1F8E054E00C8EDCC /* basicValueUITests */ = {
			isa = PBXGroup;
			children = (
				18F5E45C1F8E054E00C8EDCC /* basicValueUITests.swift */,
				18F5E45E1F8E054E00C8EDCC /* Info.plist */,
			);
			path = basicValueUITests;
			sourceTree = "<group>";
		};
		18F5E46D1F8E151600C8EDCC /* 闭包和函数 */ = {
			isa = PBXGroup;
			children = (
				18F5E46E1F8E151600C8EDCC /* AppDelegate.swift */,
				18F5E4701F8E151600C8EDCC /* ViewController.swift */,
				18F5E4721F8E151600C8EDCC /* Main.storyboard */,
				18F5E4751F8E151600C8EDCC /* Assets.xcassets */,
				18F5E4771F8E151600C8EDCC /* LaunchScreen.storyboard */,
				18F5E47A1F8E151600C8EDCC /* Info.plist */,
			);
			path = "闭包和函数";
			sourceTree = "<group>";
		};
		18F5E4831F8E213600C8EDCC /* 对象和类 */ = {
			isa = PBXGroup;
			children = (
				18F5E4841F8E213600C8EDCC /* AppDelegate.swift */,
				18F5E4861F8E213600C8EDCC /* ViewController.swift */,
				18F5E4881F8E213600C8EDCC /* Main.storyboard */,
				18F5E48B1F8E213600C8EDCC /* Assets.xcassets */,
				18F5E48D1F8E213600C8EDCC /* LaunchScreen.storyboard */,
				18F5E4901F8E213600C8EDCC /* Info.plist */,
				18F5E4941F8EF87200C8EDCC /* Shape.swift */,
				18F5E4961F8F002000C8EDCC /* NameShape.swift */,
			);
			path = "对象和类";
			sourceTree = "<group>";
		};
		18F5E49D1F8F1E0800C8EDCC /* 枚举和结构体 */ = {
			isa = PBXGroup;
			children = (
				18F5E49E1F8F1E0800C8EDCC /* AppDelegate.swift */,
				18F5E4A01F8F1E0800C8EDCC /* ViewController.swift */,
				18F5E4A21F8F1E0800C8EDCC /* Main.storyboard */,
				18F5E4A51F8F1E0800C8EDCC /* Assets.xcassets */,
				18F5E4A71F8F1E0800C8EDCC /* LaunchScreen.storyboard */,
				18F5E4AA1F8F1E0800C8EDCC /* Info.plist */,
			);
			path = "枚举和结构体";
			sourceTree = "<group>";
		};
		18F5E4B31F8F745E00C8EDCC /* 协议和扩展 */ = {
			isa = PBXGroup;
			children = (
				18F5E4B41F8F745E00C8EDCC /* AppDelegate.swift */,
				18F5E4B61F8F745E00C8EDCC /* ViewController.swift */,
				18F5E4B81F8F745E00C8EDCC /* Main.storyboard */,
				18F5E4BB1F8F745E00C8EDCC /* Assets.xcassets */,
				18F5E4BD1F8F745E00C8EDCC /* LaunchScreen.storyboard */,
				18F5E4C01F8F745E00C8EDCC /* Info.plist */,
			);
			path = "协议和扩展";
			sourceTree = "<group>";
		};
		E4DD3C88201F51D00042435C /* 错误处理 */ = {
			isa = PBXGroup;
			children = (
				E4DD3C89201F51D00042435C /* AppDelegate.swift */,
				E4DD3C8B201F51D00042435C /* ViewController.swift */,
				E4DD3C8D201F51D00042435C /* Main.storyboard */,
				E4DD3C90201F51D00042435C /* Assets.xcassets */,
				E4DD3C92201F51D00042435C /* LaunchScreen.storyboard */,
				E4DD3C95201F51D00042435C /* Info.plist */,
			);
			path = "错误处理";
			sourceTree = "<group>";
		};
		E4DD3C9E201F5A780042435C /* 泛型 */ = {
			isa = PBXGroup;
			children = (
				E4DD3C9F201F5A780042435C /* AppDelegate.swift */,
				E4DD3CA1201F5A780042435C /* ViewController.swift */,
				E4DD3CA3201F5A780042435C /* Main.storyboard */,
				E4DD3CA6201F5A780042435C /* Assets.xcassets */,
				E4DD3CA8201F5A780042435C /* LaunchScreen.storyboard */,
				E4DD3CAB201F5A780042435C /* Info.plist */,
			);
			path = "泛型";
			sourceTree = "<group>";
		};
/* End PBXGroup section */

/* Begin PBXNativeTarget section */
		18F5E4011F8DBEC200C8EDCC /* SwiftDemo */ = {
			isa = PBXNativeTarget;
			buildConfigurationList = 18F5E42A1F8DBEC200C8EDCC /* Build configuration list for PBXNativeTarget "SwiftDemo" */;
			buildPhases = (
				18F5E3FE1F8DBEC200C8EDCC /* Sources */,
				18F5E3FF1F8DBEC200C8EDCC /* Frameworks */,
				18F5E4001F8DBEC200C8EDCC /* Resources */,
			);
			buildRules = (
			);
			dependencies = (
			);
			name = SwiftDemo;
			productName = SwiftDemo;
			productReference = 18F5E4021F8DBEC200C8EDCC /* SwiftDemo.app */;
			productType = "com.apple.product-type.application";
		};
		18F5E4151F8DBEC200C8EDCC /* SwiftDemoTests */ = {
			isa = PBXNativeTarget;
			buildConfigurationList = 18F5E42D1F8DBEC200C8EDCC /* Build configuration list for PBXNativeTarget "SwiftDemoTests" */;
			buildPhases = (
				18F5E4121F8DBEC200C8EDCC /* Sources */,
				18F5E4131F8DBEC200C8EDCC /* Frameworks */,
				18F5E4141F8DBEC200C8EDCC /* Resources */,
			);
			buildRules = (
			);
			dependencies = (
				18F5E4181F8DBEC200C8EDCC /* PBXTargetDependency */,
			);
			name = SwiftDemoTests;
			productName = SwiftDemoTests;
			productReference = 18F5E4161F8DBEC200C8EDCC /* SwiftDemoTests.xctest */;
			productType = "com.apple.product-type.bundle.unit-test";
		};
		18F5E4201F8DBEC200C8EDCC /* SwiftDemoUITests */ = {
			isa = PBXNativeTarget;
			buildConfigurationList = 18F5E4301F8DBEC200C8EDCC /* Build configuration list for PBXNativeTarget "SwiftDemoUITests" */;
			buildPhases = (
				18F5E41D1F8DBEC200C8EDCC /* Sources */,
				18F5E41E1F8DBEC200C8EDCC /* Frameworks */,
				18F5E41F1F8DBEC200C8EDCC /* Resources */,
			);
			buildRules = (
			);
			dependencies = (
				18F5E4231F8DBEC200C8EDCC /* PBXTargetDependency */,
			);
			name = SwiftDemoUITests;
			productName = SwiftDemoUITests;
			productReference = 18F5E4211F8DBEC200C8EDCC /* SwiftDemoUITests.xctest */;
			productType = "com.apple.product-type.bundle.ui-testing";
		};
		18F5E4391F8E054D00C8EDCC /* basicValue */ = {
			isa = PBXNativeTarget;
			buildConfigurationList = 18F5E45F1F8E054E00C8EDCC /* Build configuration list for PBXNativeTarget "basicValue" */;
			buildPhases = (
				18F5E4361F8E054D00C8EDCC /* Sources */,
				18F5E4371F8E054D00C8EDCC /* Frameworks */,
				18F5E4381F8E054D00C8EDCC /* Resources */,
			);
			buildRules = (
			);
			dependencies = (
			);
			name = basicValue;
			productName = basicValue;
			productReference = 18F5E43A1F8E054D00C8EDCC /* basicValue.app */;
			productType = "com.apple.product-type.application";
		};
		18F5E44C1F8E054E00C8EDCC /* basicValueTests */ = {
			isa = PBXNativeTarget;
			buildConfigurationList = 18F5E4621F8E054E00C8EDCC /* Build configuration list for PBXNativeTarget "basicValueTests" */;
			buildPhases = (
				18F5E4491F8E054E00C8EDCC /* Sources */,
				18F5E44A1F8E054E00C8EDCC /* Frameworks */,
				18F5E44B1F8E054E00C8EDCC /* Resources */,
			);
			buildRules = (
			);
			dependencies = (
				18F5E44F1F8E054E00C8EDCC /* PBXTargetDependency */,
			);
			name = basicValueTests;
			productName = basicValueTests;
			productReference = 18F5E44D1F8E054E00C8EDCC /* basicValueTests.xctest */;
			productType = "com.apple.product-type.bundle.unit-test";
		};
		18F5E4571F8E054E00C8EDCC /* basicValueUITests */ = {
			isa = PBXNativeTarget;
			buildConfigurationList = 18F5E4651F8E054E00C8EDCC /* Build configuration list for PBXNativeTarget "basicValueUITests" */;
			buildPhases = (
				18F5E4541F8E054E00C8EDCC /* Sources */,
				18F5E4551F8E054E00C8EDCC /* Frameworks */,
				18F5E4561F8E054E00C8EDCC /* Resources */,
			);
			buildRules = (
			);
			dependencies = (
				18F5E45A1F8E054E00C8EDCC /* PBXTargetDependency */,
			);
			name = basicValueUITests;
			productName = basicValueUITests;
			productReference = 18F5E4581F8E054E00C8EDCC /* basicValueUITests.xctest */;
			productType = "com.apple.product-type.bundle.ui-testing";
		};
		18F5E46B1F8E151600C8EDCC /* 闭包和函数 */ = {
			isa = PBXNativeTarget;
			buildConfigurationList = 18F5E47B1F8E151600C8EDCC /* Build configuration list for PBXNativeTarget "闭包和函数" */;
			buildPhases = (
				18F5E4681F8E151600C8EDCC /* Sources */,
				18F5E4691F8E151600C8EDCC /* Frameworks */,
				18F5E46A1F8E151600C8EDCC /* Resources */,
			);
			buildRules = (
			);
			dependencies = (
			);
			name = "闭包和函数";
			productName = "闭包和函数";
			productReference = 18F5E46C1F8E151600C8EDCC /* 闭包和函数.app */;
			productType = "com.apple.product-type.application";
		};
		18F5E4811F8E213600C8EDCC /* 对象和类 */ = {
			isa = PBXNativeTarget;
			buildConfigurationList = 18F5E4911F8E213600C8EDCC /* Build configuration list for PBXNativeTarget "对象和类" */;
			buildPhases = (
				18F5E47E1F8E213600C8EDCC /* Sources */,
				18F5E47F1F8E213600C8EDCC /* Frameworks */,
				18F5E4801F8E213600C8EDCC /* Resources */,
			);
			buildRules = (
			);
			dependencies = (
			);
			name = "对象和类";
			productName = "对象和类";
			productReference = 18F5E4821F8E213600C8EDCC /* 对象和类.app */;
			productType = "com.apple.product-type.application";
		};
		18F5E49B1F8F1E0800C8EDCC /* 枚举和结构体 */ = {
			isa = PBXNativeTarget;
			buildConfigurationList = 18F5E4AB1F8F1E0800C8EDCC /* Build configuration list for PBXNativeTarget "枚举和结构体" */;
			buildPhases = (
				18F5E4981F8F1E0800C8EDCC /* Sources */,
				18F5E4991F8F1E0800C8EDCC /* Frameworks */,
				18F5E49A1F8F1E0800C8EDCC /* Resources */,
			);
			buildRules = (
			);
			dependencies = (
			);
			name = "枚举和结构体";
			productName = "枚举和结构体";
			productReference = 18F5E49C1F8F1E0800C8EDCC /* 枚举和结构体.app */;
			productType = "com.apple.product-type.application";
		};
		18F5E4B11F8F745E00C8EDCC /* 协议和扩展 */ = {
			isa = PBXNativeTarget;
			buildConfigurationList = 18F5E4C11F8F745E00C8EDCC /* Build configuration list for PBXNativeTarget "协议和扩展" */;
			buildPhases = (
				18F5E4AE1F8F745E00C8EDCC /* Sources */,
				18F5E4AF1F8F745E00C8EDCC /* Frameworks */,
				18F5E4B01F8F745E00C8EDCC /* Resources */,
			);
			buildRules = (
			);
			dependencies = (
			);
			name = "协议和扩展";
			productName = "协议和扩展";
			productReference = 18F5E4B21F8F745E00C8EDCC /* 协议和扩展.app */;
			productType = "com.apple.product-type.application";
		};
		E4DD3C86201F51D00042435C /* 错误处理 */ = {
			isa = PBXNativeTarget;
			buildConfigurationList = E4DD3C98201F51D00042435C /* Build configuration list for PBXNativeTarget "错误处理" */;
			buildPhases = (
				E4DD3C83201F51D00042435C /* Sources */,
				E4DD3C84201F51D00042435C /* Frameworks */,
				E4DD3C85201F51D00042435C /* Resources */,
			);
			buildRules = (
			);
			dependencies = (
			);
			name = "错误处理";
			productName = "错误处理";
			productReference = E4DD3C87201F51D00042435C /* 错误处理.app */;
			productType = "com.apple.product-type.application";
		};
		E4DD3C9C201F5A780042435C /* 泛型 */ = {
			isa = PBXNativeTarget;
			buildConfigurationList = E4DD3CAC201F5A780042435C /* Build configuration list for PBXNativeTarget "泛型" */;
			buildPhases = (
				E4DD3C99201F5A780042435C /* Sources */,
				E4DD3C9A201F5A780042435C /* Frameworks */,
				E4DD3C9B201F5A780042435C /* Resources */,
			);
			buildRules = (
			);
			dependencies = (
			);
			name = "泛型";
			productName = "泛型";
			productReference = E4DD3C9D201F5A780042435C /* 泛型.app */;
			productType = "com.apple.product-type.application";
		};
/* End PBXNativeTarget section */

/* Begin PBXProject section */
		18F5E3FA1F8DBEC200C8EDCC /* Project object */ = {
			isa = PBXProject;
			attributes = {
				LastSwiftUpdateCheck = 0920;
				LastUpgradeCheck = 0900;
				ORGANIZATIONNAME = Apple;
				TargetAttributes = {
					18F5E4011F8DBEC200C8EDCC = {
						CreatedOnToolsVersion = 9.0;
						ProvisioningStyle = Automatic;
					};
					18F5E4151F8DBEC200C8EDCC = {
						CreatedOnToolsVersion = 9.0;
						ProvisioningStyle = Automatic;
						TestTargetID = 18F5E4011F8DBEC200C8EDCC;
					};
					18F5E4201F8DBEC200C8EDCC = {
						CreatedOnToolsVersion = 9.0;
						ProvisioningStyle = Automatic;
						TestTargetID = 18F5E4011F8DBEC200C8EDCC;
					};
					18F5E4391F8E054D00C8EDCC = {
						CreatedOnToolsVersion = 9.0;
						ProvisioningStyle = Automatic;
					};
					18F5E44C1F8E054E00C8EDCC = {
						CreatedOnToolsVersion = 9.0;
						ProvisioningStyle = Automatic;
						TestTargetID = 18F5E4391F8E054D00C8EDCC;
					};
					18F5E4571F8E054E00C8EDCC = {
						CreatedOnToolsVersion = 9.0;
						ProvisioningStyle = Automatic;
						TestTargetID = 18F5E4391F8E054D00C8EDCC;
					};
					18F5E46B1F8E151600C8EDCC = {
						CreatedOnToolsVersion = 9.0;
						ProvisioningStyle = Automatic;
					};
					18F5E4811F8E213600C8EDCC = {
						CreatedOnToolsVersion = 9.0;
						ProvisioningStyle = Automatic;
					};
					18F5E49B1F8F1E0800C8EDCC = {
						CreatedOnToolsVersion = 9.0;
						ProvisioningStyle = Automatic;
					};
					18F5E4B11F8F745E00C8EDCC = {
						CreatedOnToolsVersion = 9.0;
						ProvisioningStyle = Automatic;
					};
					E4DD3C86201F51D00042435C = {
						CreatedOnToolsVersion = 9.2;
						ProvisioningStyle = Automatic;
					};
					E4DD3C9C201F5A780042435C = {
						CreatedOnToolsVersion = 9.2;
						ProvisioningStyle = Automatic;
					};
				};
			};
			buildConfigurationList = 18F5E3FD1F8DBEC200C8EDCC /* Build configuration list for PBXProject "SwiftDemo" */;
			compatibilityVersion = "Xcode 8.0";
			developmentRegion = en;
			hasScannedForEncodings = 0;
			knownRegions = (
				en,
				Base,
			);
			mainGroup = 18F5E3F91F8DBEC200C8EDCC;
			productRefGroup = 18F5E4031F8DBEC200C8EDCC /* Products */;
			projectDirPath = "";
			projectRoot = "";
			targets = (
				18F5E4011F8DBEC200C8EDCC /* SwiftDemo */,
				18F5E4151F8DBEC200C8EDCC /* SwiftDemoTests */,
				18F5E4201F8DBEC200C8EDCC /* SwiftDemoUITests */,
				18F5E4391F8E054D00C8EDCC /* basicValue */,
				18F5E44C1F8E054E00C8EDCC /* basicValueTests */,
				18F5E4571F8E054E00C8EDCC /* basicValueUITests */,
				18F5E46B1F8E151600C8EDCC /* 闭包和函数 */,
				18F5E4811F8E213600C8EDCC /* 对象和类 */,
				18F5E49B1F8F1E0800C8EDCC /* 枚举和结构体 */,
				18F5E4B11F8F745E00C8EDCC /* 协议和扩展 */,
				E4DD3C86201F51D00042435C /* 错误处理 */,
				E4DD3C9C201F5A780042435C /* 泛型 */,
			);
		};
/* End PBXProject section */

/* Begin PBXResourcesBuildPhase section */
		18F5E4001F8DBEC200C8EDCC /* Resources */ = {
			isa = PBXResourcesBuildPhase;
			buildActionMask = 2147483647;
			files = (
				18F5E4101F8DBEC200C8EDCC /* LaunchScreen.storyboard in Resources */,
				18F5E40D1F8DBEC200C8EDCC /* Assets.xcassets in Resources */,
				18F5E40B1F8DBEC200C8EDCC /* Main.storyboard in Resources */,
			);
			runOnlyForDeploymentPostprocessing = 0;
		};
		18F5E4141F8DBEC200C8EDCC /* Resources */ = {
			isa = PBXResourcesBuildPhase;
			buildActionMask = 2147483647;
			files = (
			);
			runOnlyForDeploymentPostprocessing = 0;
		};
		18F5E41F1F8DBEC200C8EDCC /* Resources */ = {
			isa = PBXResourcesBuildPhase;
			buildActionMask = 2147483647;
			files = (
			);
			runOnlyForDeploymentPostprocessing = 0;
		};
		18F5E4381F8E054D00C8EDCC /* Resources */ = {
			isa = PBXResourcesBuildPhase;
			buildActionMask = 2147483647;
			files = (
				18F5E4471F8E054D00C8EDCC /* LaunchScreen.storyboard in Resources */,
				18F5E4441F8E054D00C8EDCC /* Assets.xcassets in Resources */,
				18F5E4421F8E054D00C8EDCC /* Main.storyboard in Resources */,
			);
			runOnlyForDeploymentPostprocessing = 0;
		};
		18F5E44B1F8E054E00C8EDCC /* Resources */ = {
			isa = PBXResourcesBuildPhase;
			buildActionMask = 2147483647;
			files = (
			);
			runOnlyForDeploymentPostprocessing = 0;
		};
		18F5E4561F8E054E00C8EDCC /* Resources */ = {
			isa = PBXResourcesBuildPhase;
			buildActionMask = 2147483647;
			files = (
			);
			runOnlyForDeploymentPostprocessing = 0;
		};
		18F5E46A1F8E151600C8EDCC /* Resources */ = {
			isa = PBXResourcesBuildPhase;
			buildActionMask = 2147483647;
			files = (
				18F5E4791F8E151600C8EDCC /* LaunchScreen.storyboard in Resources */,
				18F5E4761F8E151600C8EDCC /* Assets.xcassets in Resources */,
				18F5E4741F8E151600C8EDCC /* Main.storyboard in Resources */,
			);
			runOnlyForDeploymentPostprocessing = 0;
		};
		18F5E4801F8E213600C8EDCC /* Resources */ = {
			isa = PBXResourcesBuildPhase;
			buildActionMask = 2147483647;
			files = (
				18F5E48F1F8E213600C8EDCC /* LaunchScreen.storyboard in Resources */,
				18F5E48C1F8E213600C8EDCC /* Assets.xcassets in Resources */,
				18F5E48A1F8E213600C8EDCC /* Main.storyboard in Resources */,
			);
			runOnlyForDeploymentPostprocessing = 0;
		};
		18F5E49A1F8F1E0800C8EDCC /* Resources */ = {
			isa = PBXResourcesBuildPhase;
			buildActionMask = 2147483647;
			files = (
				18F5E4A91F8F1E0800C8EDCC /* LaunchScreen.storyboard in Resources */,
				18F5E4A61F8F1E0800C8EDCC /* Assets.xcassets in Resources */,
				18F5E4A41F8F1E0800C8EDCC /* Main.storyboard in Resources */,
			);
			runOnlyForDeploymentPostprocessing = 0;
		};
		18F5E4B01F8F745E00C8EDCC /* Resources */ = {
			isa = PBXResourcesBuildPhase;
			buildActionMask = 2147483647;
			files = (
				18F5E4BF1F8F745E00C8EDCC /* LaunchScreen.storyboard in Resources */,
				18F5E4BC1F8F745E00C8EDCC /* Assets.xcassets in Resources */,
				18F5E4BA1F8F745E00C8EDCC /* Main.storyboard in Resources */,
			);
			runOnlyForDeploymentPostprocessing = 0;
		};
		E4DD3C85201F51D00042435C /* Resources */ = {
			isa = PBXResourcesBuildPhase;
			buildActionMask = 2147483647;
			files = (
				E4DD3C94201F51D00042435C /* LaunchScreen.storyboard in Resources */,
				E4DD3C91201F51D00042435C /* Assets.xcassets in Resources */,
				E4DD3C8F201F51D00042435C /* Main.storyboard in Resources */,
			);
			runOnlyForDeploymentPostprocessing = 0;
		};
		E4DD3C9B201F5A780042435C /* Resources */ = {
			isa = PBXResourcesBuildPhase;
			buildActionMask = 2147483647;
			files = (
				E4DD3CAA201F5A780042435C /* LaunchScreen.storyboard in Resources */,
				E4DD3CA7201F5A780042435C /* Assets.xcassets in Resources */,
				E4DD3CA5201F5A780042435C /* Main.storyboard in Resources */,
			);
			runOnlyForDeploymentPostprocessing = 0;
		};
/* End PBXResourcesBuildPhase section */

/* Begin PBXSourcesBuildPhase section */
		18F5E3FE1F8DBEC200C8EDCC /* Sources */ = {
			isa = PBXSourcesBuildPhase;
			buildActionMask = 2147483647;
			files = (
				18F5E4081F8DBEC200C8EDCC /* ViewController.swift in Sources */,
				18F5E4061F8DBEC200C8EDCC /* AppDelegate.swift in Sources */,
				18F5E4341F8DBF0A00C8EDCC /* DYMainViewController.swift in Sources */,
			);
			runOnlyForDeploymentPostprocessing = 0;
		};
		18F5E4121F8DBEC200C8EDCC /* Sources */ = {
			isa = PBXSourcesBuildPhase;
			buildActionMask = 2147483647;
			files = (
				18F5E41B1F8DBEC200C8EDCC /* SwiftDemoTests.swift in Sources */,
			);
			runOnlyForDeploymentPostprocessing = 0;
		};
		18F5E41D1F8DBEC200C8EDCC /* Sources */ = {
			isa = PBXSourcesBuildPhase;
			buildActionMask = 2147483647;
			files = (
				18F5E4261F8DBEC200C8EDCC /* SwiftDemoUITests.swift in Sources */,
			);
			runOnlyForDeploymentPostprocessing = 0;
		};
		18F5E4361F8E054D00C8EDCC /* Sources */ = {
			isa = PBXSourcesBuildPhase;
			buildActionMask = 2147483647;
			files = (
				18F5E43F1F8E054D00C8EDCC /* ViewController.swift in Sources */,
				18F5E43D1F8E054D00C8EDCC /* AppDelegate.swift in Sources */,
			);
			runOnlyForDeploymentPostprocessing = 0;
		};
		18F5E4491F8E054E00C8EDCC /* Sources */ = {
			isa = PBXSourcesBuildPhase;
			buildActionMask = 2147483647;
			files = (
				18F5E4521F8E054E00C8EDCC /* basicValueTests.swift in Sources */,
			);
			runOnlyForDeploymentPostprocessing = 0;
		};
		18F5E4541F8E054E00C8EDCC /* Sources */ = {
			isa = PBXSourcesBuildPhase;
			buildActionMask = 2147483647;
			files = (
				18F5E45D1F8E054E00C8EDCC /* basicValueUITests.swift in Sources */,
			);
			runOnlyForDeploymentPostprocessing = 0;
		};
		18F5E4681F8E151600C8EDCC /* Sources */ = {
			isa = PBXSourcesBuildPhase;
			buildActionMask = 2147483647;
			files = (
				18F5E4711F8E151600C8EDCC /* ViewController.swift in Sources */,
				18F5E46F1F8E151600C8EDCC /* AppDelegate.swift in Sources */,
			);
			runOnlyForDeploymentPostprocessing = 0;
		};
		18F5E47E1F8E213600C8EDCC /* Sources */ = {
			isa = PBXSourcesBuildPhase;
			buildActionMask = 2147483647;
			files = (
				18F5E4971F8F002000C8EDCC /* NameShape.swift in Sources */,
				18F5E4871F8E213600C8EDCC /* ViewController.swift in Sources */,
				18F5E4951F8EF87200C8EDCC /* Shape.swift in Sources */,
				18F5E4851F8E213600C8EDCC /* AppDelegate.swift in Sources */,
			);
			runOnlyForDeploymentPostprocessing = 0;
		};
		18F5E4981F8F1E0800C8EDCC /* Sources */ = {
			isa = PBXSourcesBuildPhase;
			buildActionMask = 2147483647;
			files = (
				18F5E4A11F8F1E0800C8EDCC /* ViewController.swift in Sources */,
				18F5E49F1F8F1E0800C8EDCC /* AppDelegate.swift in Sources */,
			);
			runOnlyForDeploymentPostprocessing = 0;
		};
		18F5E4AE1F8F745E00C8EDCC /* Sources */ = {
			isa = PBXSourcesBuildPhase;
			buildActionMask = 2147483647;
			files = (
				18F5E4B71F8F745E00C8EDCC /* ViewController.swift in Sources */,
				18F5E4B51F8F745E00C8EDCC /* AppDelegate.swift in Sources */,
			);
			runOnlyForDeploymentPostprocessing = 0;
		};
		E4DD3C83201F51D00042435C /* Sources */ = {
			isa = PBXSourcesBuildPhase;
			buildActionMask = 2147483647;
			files = (
				E4DD3C8C201F51D00042435C /* ViewController.swift in Sources */,
				E4DD3C8A201F51D00042435C /* AppDelegate.swift in Sources */,
			);
			runOnlyForDeploymentPostprocessing = 0;
		};
		E4DD3C99201F5A780042435C /* Sources */ = {
			isa = PBXSourcesBuildPhase;
			buildActionMask = 2147483647;
			files = (
				E4DD3CA2201F5A780042435C /* ViewController.swift in Sources */,
				E4DD3CA0201F5A780042435C /* AppDelegate.swift in Sources */,
			);
			runOnlyForDeploymentPostprocessing = 0;
		};
/* End PBXSourcesBuildPhase section */

/* Begin PBXTargetDependency section */
		18F5E4181F8DBEC200C8EDCC /* PBXTargetDependency */ = {
			isa = PBXTargetDependency;
			target = 18F5E4011F8DBEC200C8EDCC /* SwiftDemo */;
			targetProxy = 18F5E4171F8DBEC200C8EDCC /* PBXContainerItemProxy */;
		};
		18F5E4231F8DBEC200C8EDCC /* PBXTargetDependency */ = {
			isa = PBXTargetDependency;
			target = 18F5E4011F8DBEC200C8EDCC /* SwiftDemo */;
			targetProxy = 18F5E4221F8DBEC200C8EDCC /* PBXContainerItemProxy */;
		};
		18F5E44F1F8E054E00C8EDCC /* PBXTargetDependency */ = {
			isa = PBXTargetDependency;
			target = 18F5E4391F8E054D00C8EDCC /* basicValue */;
			targetProxy = 18F5E44E1F8E054E00C8EDCC /* PBXContainerItemProxy */;
		};
		18F5E45A1F8E054E00C8EDCC /* PBXTargetDependency */ = {
			isa = PBXTargetDependency;
			target = 18F5E4391F8E054D00C8EDCC /* basicValue */;
			targetProxy = 18F5E4591F8E054E00C8EDCC /* PBXContainerItemProxy */;
		};
/* End PBXTargetDependency section */

/* Begin PBXVariantGroup section */
		18F5E4091F8DBEC200C8EDCC /* Main.storyboard */ = {
			isa = PBXVariantGroup;
			children = (
				18F5E40A1F8DBEC200C8EDCC /* Base */,
			);
			name = Main.storyboard;
			sourceTree = "<group>";
		};
		18F5E40E1F8DBEC200C8EDCC /* LaunchScreen.storyboard */ = {
			isa = PBXVariantGroup;
			children = (
				18F5E40F1F8DBEC200C8EDCC /* Base */,
			);
			name = LaunchScreen.storyboard;
			sourceTree = "<group>";
		};
		18F5E4401F8E054D00C8EDCC /* Main.storyboard */ = {
			isa = PBXVariantGroup;
			children = (
				18F5E4411F8E054D00C8EDCC /* Base */,
			);
			name = Main.storyboard;
			sourceTree = "<group>";
		};
		18F5E4451F8E054D00C8EDCC /* LaunchScreen.storyboard */ = {
			isa = PBXVariantGroup;
			children = (
				18F5E4461F8E054D00C8EDCC /* Base */,
			);
			name = LaunchScreen.storyboard;
			sourceTree = "<group>";
		};
		18F5E4721F8E151600C8EDCC /* Main.storyboard */ = {
			isa = PBXVariantGroup;
			children = (
				18F5E4731F8E151600C8EDCC /* Base */,
			);
			name = Main.storyboard;
			sourceTree = "<group>";
		};
		18F5E4771F8E151600C8EDCC /* LaunchScreen.storyboard */ = {
			isa = PBXVariantGroup;
			children = (
				18F5E4781F8E151600C8EDCC /* Base */,
			);
			name = LaunchScreen.storyboard;
			sourceTree = "<group>";
		};
		18F5E4881F8E213600C8EDCC /* Main.storyboard */ = {
			isa = PBXVariantGroup;
			children = (
				18F5E4891F8E213600C8EDCC /* Base */,
			);
			name = Main.storyboard;
			sourceTree = "<group>";
		};
		18F5E48D1F8E213600C8EDCC /* LaunchScreen.storyboard */ = {
			isa = PBXVariantGroup;
			children = (
				18F5E48E1F8E213600C8EDCC /* Base */,
			);
			name = LaunchScreen.storyboard;
			sourceTree = "<group>";
		};
		18F5E4A21F8F1E0800C8EDCC /* Main.storyboard */ = {
			isa = PBXVariantGroup;
			children = (
				18F5E4A31F8F1E0800C8EDCC /* Base */,
			);
			name = Main.storyboard;
			sourceTree = "<group>";
		};
		18F5E4A71F8F1E0800C8EDCC /* LaunchScreen.storyboard */ = {
			isa = PBXVariantGroup;
			children = (
				18F5E4A81F8F1E0800C8EDCC /* Base */,
			);
			name = LaunchScreen.storyboard;
			sourceTree = "<group>";
		};
		18F5E4B81F8F745E00C8EDCC /* Main.storyboard */ = {
			isa = PBXVariantGroup;
			children = (
				18F5E4B91F8F745E00C8EDCC /* Base */,
			);
			name = Main.storyboard;
			sourceTree = "<group>";
		};
		18F5E4BD1F8F745E00C8EDCC /* LaunchScreen.storyboard */ = {
			isa = PBXVariantGroup;
			children = (
				18F5E4BE1F8F745E00C8EDCC /* Base */,
			);
			name = LaunchScreen.storyboard;
			sourceTree = "<group>";
		};
		E4DD3C8D201F51D00042435C /* Main.storyboard */ = {
			isa = PBXVariantGroup;
			children = (
				E4DD3C8E201F51D00042435C /* Base */,
			);
			name = Main.storyboard;
			sourceTree = "<group>";
		};
		E4DD3C92201F51D00042435C /* LaunchScreen.storyboard */ = {
			isa = PBXVariantGroup;
			children = (
				E4DD3C93201F51D00042435C /* Base */,
			);
			name = LaunchScreen.storyboard;
			sourceTree = "<group>";
		};
		E4DD3CA3201F5A780042435C /* Main.storyboard */ = {
			isa = PBXVariantGroup;
			children = (
				E4DD3CA4201F5A780042435C /* Base */,
			);
			name = Main.storyboard;
			sourceTree = "<group>";
		};
		E4DD3CA8201F5A780042435C /* LaunchScreen.storyboard */ = {
			isa = PBXVariantGroup;
			children = (
				E4DD3CA9201F5A780042435C /* Base */,
			);
			name = LaunchScreen.storyboard;
			sourceTree = "<group>";
		};
/* End PBXVariantGroup section */

/* Begin XCBuildConfiguration section */
		18F5E4281F8DBEC200C8EDCC /* Debug */ = {
			isa = XCBuildConfiguration;
			buildSettings = {
				ALWAYS_SEARCH_USER_PATHS = NO;
				CLANG_ANALYZER_NONNULL = YES;
				CLANG_ANALYZER_NUMBER_OBJECT_CONVERSION = YES_AGGRESSIVE;
				CLANG_CXX_LANGUAGE_STANDARD = "gnu++14";
				CLANG_CXX_LIBRARY = "libc++";
				CLANG_ENABLE_MODULES = YES;
				CLANG_ENABLE_OBJC_ARC = YES;
				CLANG_WARN_BLOCK_CAPTURE_AUTORELEASING = YES;
				CLANG_WARN_BOOL_CONVERSION = YES;
				CLANG_WARN_COMMA = YES;
				CLANG_WARN_CONSTANT_CONVERSION = YES;
				CLANG_WARN_DIRECT_OBJC_ISA_USAGE = YES_ERROR;
				CLANG_WARN_DOCUMENTATION_COMMENTS = YES;
				CLANG_WARN_EMPTY_BODY = YES;
				CLANG_WARN_ENUM_CONVERSION = YES;
				CLANG_WARN_INFINITE_RECURSION = YES;
				CLANG_WARN_INT_CONVERSION = YES;
				CLANG_WARN_NON_LITERAL_NULL_CONVERSION = YES;
				CLANG_WARN_OBJC_LITERAL_CONVERSION = YES;
				CLANG_WARN_OBJC_ROOT_CLASS = YES_ERROR;
				CLANG_WARN_RANGE_LOOP_ANALYSIS = YES;
				CLANG_WARN_STRICT_PROTOTYPES = YES;
				CLANG_WARN_SUSPICIOUS_MOVE = YES;
				CLANG_WARN_UNGUARDED_AVAILABILITY = YES_AGGRESSIVE;
				CLANG_WARN_UNREACHABLE_CODE = YES;
				CLANG_WARN__DUPLICATE_METHOD_MATCH = YES;
				CODE_SIGN_IDENTITY = "iPhone Developer";
				COPY_PHASE_STRIP = NO;
				DEBUG_INFORMATION_FORMAT = dwarf;
				ENABLE_STRICT_OBJC_MSGSEND = YES;
				ENABLE_TESTABILITY = YES;
				GCC_C_LANGUAGE_STANDARD = gnu11;
				GCC_DYNAMIC_NO_PIC = NO;
				GCC_NO_COMMON_BLOCKS = YES;
				GCC_OPTIMIZATION_LEVEL = 0;
				GCC_PREPROCESSOR_DEFINITIONS = (
					"DEBUG=1",
					"$(inherited)",
				);
				GCC_WARN_64_TO_32_BIT_CONVERSION = YES;
				GCC_WARN_ABOUT_RETURN_TYPE = YES_ERROR;
				GCC_WARN_UNDECLARED_SELECTOR = YES;
				GCC_WARN_UNINITIALIZED_AUTOS = YES_AGGRESSIVE;
				GCC_WARN_UNUSED_FUNCTION = YES;
				GCC_WARN_UNUSED_VARIABLE = YES;
				IPHONEOS_DEPLOYMENT_TARGET = 11.0;
				MTL_ENABLE_DEBUG_INFO = YES;
				ONLY_ACTIVE_ARCH = YES;
				SDKROOT = iphoneos;
				SWIFT_ACTIVE_COMPILATION_CONDITIONS = DEBUG;
				SWIFT_OPTIMIZATION_LEVEL = "-Onone";
			};
			name = Debug;
		};
		18F5E4291F8DBEC200C8EDCC /* Release */ = {
			isa = XCBuildConfiguration;
			buildSettings = {
				ALWAYS_SEARCH_USER_PATHS = NO;
				CLANG_ANALYZER_NONNULL = YES;
				CLANG_ANALYZER_NUMBER_OBJECT_CONVERSION = YES_AGGRESSIVE;
				CLANG_CXX_LANGUAGE_STANDARD = "gnu++14";
				CLANG_CXX_LIBRARY = "libc++";
				CLANG_ENABLE_MODULES = YES;
				CLANG_ENABLE_OBJC_ARC = YES;
				CLANG_WARN_BLOCK_CAPTURE_AUTORELEASING = YES;
				CLANG_WARN_BOOL_CONVERSION = YES;
				CLANG_WARN_COMMA = YES;
				CLANG_WARN_CONSTANT_CONVERSION = YES;
				CLANG_WARN_DIRECT_OBJC_ISA_USAGE = YES_ERROR;
				CLANG_WARN_DOCUMENTATION_COMMENTS = YES;
				CLANG_WARN_EMPTY_BODY = YES;
				CLANG_WARN_ENUM_CONVERSION = YES;
				CLANG_WARN_INFINITE_RECURSION = YES;
				CLANG_WARN_INT_CONVERSION = YES;
				CLANG_WARN_NON_LITERAL_NULL_CONVERSION = YES;
				CLANG_WARN_OBJC_LITERAL_CONVERSION = YES;
				CLANG_WARN_OBJC_ROOT_CLASS = YES_ERROR;
				CLANG_WARN_RANGE_LOOP_ANALYSIS = YES;
				CLANG_WARN_STRICT_PROTOTYPES = YES;
				CLANG_WARN_SUSPICIOUS_MOVE = YES;
				CLANG_WARN_UNGUARDED_AVAILABILITY = YES_AGGRESSIVE;
				CLANG_WARN_UNREACHABLE_CODE = YES;
				CLANG_WARN__DUPLICATE_METHOD_MATCH = YES;
				CODE_SIGN_IDENTITY = "iPhone Developer";
				COPY_PHASE_STRIP = NO;
				DEBUG_INFORMATION_FORMAT = "dwarf-with-dsym";
				ENABLE_NS_ASSERTIONS = NO;
				ENABLE_STRICT_OBJC_MSGSEND = YES;
				GCC_C_LANGUAGE_STANDARD = gnu11;
				GCC_NO_COMMON_BLOCKS = YES;
				GCC_WARN_64_TO_32_BIT_CONVERSION = YES;
				GCC_WARN_ABOUT_RETURN_TYPE = YES_ERROR;
				GCC_WARN_UNDECLARED_SELECTOR = YES;
				GCC_WARN_UNINITIALIZED_AUTOS = YES_AGGRESSIVE;
				GCC_WARN_UNUSED_FUNCTION = YES;
				GCC_WARN_UNUSED_VARIABLE = YES;
				IPHONEOS_DEPLOYMENT_TARGET = 11.0;
				MTL_ENABLE_DEBUG_INFO = NO;
				SDKROOT = iphoneos;
				SWIFT_OPTIMIZATION_LEVEL = "-Owholemodule";
				VALIDATE_PRODUCT = YES;
			};
			name = Release;
		};
		18F5E42B1F8DBEC200C8EDCC /* Debug */ = {
			isa = XCBuildConfiguration;
			buildSettings = {
				ASSETCATALOG_COMPILER_APPICON_NAME = AppIcon;
				CODE_SIGN_STYLE = Automatic;
				DEVELOPMENT_TEAM = 83PH4467L2;
				INFOPLIST_FILE = SwiftDemo/Info.plist;
				LD_RUNPATH_SEARCH_PATHS = "$(inherited) @executable_path/Frameworks";
				PRODUCT_BUNDLE_IDENTIFIER = com.Dov.SwiftDemo;
				PRODUCT_NAME = "$(TARGET_NAME)";
				SWIFT_VERSION = 4.0;
				TARGETED_DEVICE_FAMILY = "1,2";
			};
			name = Debug;
		};
		18F5E42C1F8DBEC200C8EDCC /* Release */ = {
			isa = XCBuildConfiguration;
			buildSettings = {
				ASSETCATALOG_COMPILER_APPICON_NAME = AppIcon;
				CODE_SIGN_STYLE = Automatic;
				DEVELOPMENT_TEAM = 83PH4467L2;
				INFOPLIST_FILE = SwiftDemo/Info.plist;
				LD_RUNPATH_SEARCH_PATHS = "$(inherited) @executable_path/Frameworks";
				PRODUCT_BUNDLE_IDENTIFIER = com.Dov.SwiftDemo;
				PRODUCT_NAME = "$(TARGET_NAME)";
				SWIFT_VERSION = 4.0;
				TARGETED_DEVICE_FAMILY = "1,2";
			};
			name = Release;
		};
		18F5E42E1F8DBEC200C8EDCC /* Debug */ = {
			isa = XCBuildConfiguration;
			buildSettings = {
				ALWAYS_EMBED_SWIFT_STANDARD_LIBRARIES = YES;
				BUNDLE_LOADER = "$(TEST_HOST)";
				CODE_SIGN_STYLE = Automatic;
				DEVELOPMENT_TEAM = 83PH4467L2;
				INFOPLIST_FILE = SwiftDemoTests/Info.plist;
				LD_RUNPATH_SEARCH_PATHS = "$(inherited) @executable_path/Frameworks @loader_path/Frameworks";
				PRODUCT_BUNDLE_IDENTIFIER = com.Dov.SwiftDemoTests;
				PRODUCT_NAME = "$(TARGET_NAME)";
				SWIFT_VERSION = 4.0;
				TARGETED_DEVICE_FAMILY = "1,2";
				TEST_HOST = "$(BUILT_PRODUCTS_DIR)/SwiftDemo.app/SwiftDemo";
			};
			name = Debug;
		};
		18F5E42F1F8DBEC200C8EDCC /* Release */ = {
			isa = XCBuildConfiguration;
			buildSettings = {
				ALWAYS_EMBED_SWIFT_STANDARD_LIBRARIES = YES;
				BUNDLE_LOADER = "$(TEST_HOST)";
				CODE_SIGN_STYLE = Automatic;
				DEVELOPMENT_TEAM = 83PH4467L2;
				INFOPLIST_FILE = SwiftDemoTests/Info.plist;
				LD_RUNPATH_SEARCH_PATHS = "$(inherited) @executable_path/Frameworks @loader_path/Frameworks";
				PRODUCT_BUNDLE_IDENTIFIER = com.Dov.SwiftDemoTests;
				PRODUCT_NAME = "$(TARGET_NAME)";
				SWIFT_VERSION = 4.0;
				TARGETED_DEVICE_FAMILY = "1,2";
				TEST_HOST = "$(BUILT_PRODUCTS_DIR)/SwiftDemo.app/SwiftDemo";
			};
			name = Release;
		};
		18F5E4311F8DBEC200C8EDCC /* Debug */ = {
			isa = XCBuildConfiguration;
			buildSettings = {
				ALWAYS_EMBED_SWIFT_STANDARD_LIBRARIES = YES;
				CODE_SIGN_STYLE = Automatic;
				DEVELOPMENT_TEAM = 83PH4467L2;
				INFOPLIST_FILE = SwiftDemoUITests/Info.plist;
				LD_RUNPATH_SEARCH_PATHS = "$(inherited) @executable_path/Frameworks @loader_path/Frameworks";
				PRODUCT_BUNDLE_IDENTIFIER = com.Dov.SwiftDemoUITests;
				PRODUCT_NAME = "$(TARGET_NAME)";
				SWIFT_VERSION = 4.0;
				TARGETED_DEVICE_FAMILY = "1,2";
				TEST_TARGET_NAME = SwiftDemo;
			};
			name = Debug;
		};
		18F5E4321F8DBEC200C8EDCC /* Release */ = {
			isa = XCBuildConfiguration;
			buildSettings = {
				ALWAYS_EMBED_SWIFT_STANDARD_LIBRARIES = YES;
				CODE_SIGN_STYLE = Automatic;
				DEVELOPMENT_TEAM = 83PH4467L2;
				INFOPLIST_FILE = SwiftDemoUITests/Info.plist;
				LD_RUNPATH_SEARCH_PATHS = "$(inherited) @executable_path/Frameworks @loader_path/Frameworks";
				PRODUCT_BUNDLE_IDENTIFIER = com.Dov.SwiftDemoUITests;
				PRODUCT_NAME = "$(TARGET_NAME)";
				SWIFT_VERSION = 4.0;
				TARGETED_DEVICE_FAMILY = "1,2";
				TEST_TARGET_NAME = SwiftDemo;
			};
			name = Release;
		};
		18F5E4601F8E054E00C8EDCC /* Debug */ = {
			isa = XCBuildConfiguration;
			buildSettings = {
				ASSETCATALOG_COMPILER_APPICON_NAME = AppIcon;
				CODE_SIGN_STYLE = Automatic;
				DEVELOPMENT_TEAM = 83PH4467L2;
				INFOPLIST_FILE = basicValue/Info.plist;
				LD_RUNPATH_SEARCH_PATHS = "$(inherited) @executable_path/Frameworks";
				PRODUCT_BUNDLE_IDENTIFIER = com.Dov.basicValue;
				PRODUCT_NAME = "$(TARGET_NAME)";
				SWIFT_VERSION = 4.0;
				TARGETED_DEVICE_FAMILY = "1,2";
			};
			name = Debug;
		};
		18F5E4611F8E054E00C8EDCC /* Release */ = {
			isa = XCBuildConfiguration;
			buildSettings = {
				ASSETCATALOG_COMPILER_APPICON_NAME = AppIcon;
				CODE_SIGN_STYLE = Automatic;
				DEVELOPMENT_TEAM = 83PH4467L2;
				INFOPLIST_FILE = basicValue/Info.plist;
				LD_RUNPATH_SEARCH_PATHS = "$(inherited) @executable_path/Frameworks";
				PRODUCT_BUNDLE_IDENTIFIER = com.Dov.basicValue;
				PRODUCT_NAME = "$(TARGET_NAME)";
				SWIFT_VERSION = 4.0;
				TARGETED_DEVICE_FAMILY = "1,2";
			};
			name = Release;
		};
		18F5E4631F8E054E00C8EDCC /* Debug */ = {
			isa = XCBuildConfiguration;
			buildSettings = {
				ALWAYS_EMBED_SWIFT_STANDARD_LIBRARIES = YES;
				BUNDLE_LOADER = "$(TEST_HOST)";
				CODE_SIGN_STYLE = Automatic;
				DEVELOPMENT_TEAM = 83PH4467L2;
				INFOPLIST_FILE = basicValueTests/Info.plist;
				LD_RUNPATH_SEARCH_PATHS = "$(inherited) @executable_path/Frameworks @loader_path/Frameworks";
				PRODUCT_BUNDLE_IDENTIFIER = com.Dov.basicValueTests;
				PRODUCT_NAME = "$(TARGET_NAME)";
				SWIFT_VERSION = 4.0;
				TARGETED_DEVICE_FAMILY = "1,2";
				TEST_HOST = "$(BUILT_PRODUCTS_DIR)/basicValue.app/basicValue";
			};
			name = Debug;
		};
		18F5E4641F8E054E00C8EDCC /* Release */ = {
			isa = XCBuildConfiguration;
			buildSettings = {
				ALWAYS_EMBED_SWIFT_STANDARD_LIBRARIES = YES;
				BUNDLE_LOADER = "$(TEST_HOST)";
				CODE_SIGN_STYLE = Automatic;
				DEVELOPMENT_TEAM = 83PH4467L2;
				INFOPLIST_FILE = basicValueTests/Info.plist;
				LD_RUNPATH_SEARCH_PATHS = "$(inherited) @executable_path/Frameworks @loader_path/Frameworks";
				PRODUCT_BUNDLE_IDENTIFIER = com.Dov.basicValueTests;
				PRODUCT_NAME = "$(TARGET_NAME)";
				SWIFT_VERSION = 4.0;
				TARGETED_DEVICE_FAMILY = "1,2";
				TEST_HOST = "$(BUILT_PRODUCTS_DIR)/basicValue.app/basicValue";
			};
			name = Release;
		};
		18F5E4661F8E054E00C8EDCC /* Debug */ = {
			isa = XCBuildConfiguration;
			buildSettings = {
				ALWAYS_EMBED_SWIFT_STANDARD_LIBRARIES = YES;
				CODE_SIGN_STYLE = Automatic;
				DEVELOPMENT_TEAM = 83PH4467L2;
				INFOPLIST_FILE = basicValueUITests/Info.plist;
				LD_RUNPATH_SEARCH_PATHS = "$(inherited) @executable_path/Frameworks @loader_path/Frameworks";
				PRODUCT_BUNDLE_IDENTIFIER = com.Dov.basicValueUITests;
				PRODUCT_NAME = "$(TARGET_NAME)";
				SWIFT_VERSION = 4.0;
				TARGETED_DEVICE_FAMILY = "1,2";
				TEST_TARGET_NAME = basicValue;
			};
			name = Debug;
		};
		18F5E4671F8E054E00C8EDCC /* Release */ = {
			isa = XCBuildConfiguration;
			buildSettings = {
				ALWAYS_EMBED_SWIFT_STANDARD_LIBRARIES = YES;
				CODE_SIGN_STYLE = Automatic;
				DEVELOPMENT_TEAM = 83PH4467L2;
				INFOPLIST_FILE = basicValueUITests/Info.plist;
				LD_RUNPATH_SEARCH_PATHS = "$(inherited) @executable_path/Frameworks @loader_path/Frameworks";
				PRODUCT_BUNDLE_IDENTIFIER = com.Dov.basicValueUITests;
				PRODUCT_NAME = "$(TARGET_NAME)";
				SWIFT_VERSION = 4.0;
				TARGETED_DEVICE_FAMILY = "1,2";
				TEST_TARGET_NAME = basicValue;
			};
			name = Release;
		};
		18F5E47C1F8E151600C8EDCC /* Debug */ = {
			isa = XCBuildConfiguration;
			buildSettings = {
				ASSETCATALOG_COMPILER_APPICON_NAME = AppIcon;
				CODE_SIGN_STYLE = Automatic;
				DEVELOPMENT_TEAM = 83PH4467L2;
				INFOPLIST_FILE = "闭包和函数/Info.plist";
				LD_RUNPATH_SEARCH_PATHS = "$(inherited) @executable_path/Frameworks";
				PRODUCT_BUNDLE_IDENTIFIER = "com.Dov.-----";
				PRODUCT_NAME = "$(TARGET_NAME)";
				SWIFT_VERSION = 4.0;
				TARGETED_DEVICE_FAMILY = "1,2";
			};
			name = Debug;
		};
		18F5E47D1F8E151600C8EDCC /* Release */ = {
			isa = XCBuildConfiguration;
			buildSettings = {
				ASSETCATALOG_COMPILER_APPICON_NAME = AppIcon;
				CODE_SIGN_STYLE = Automatic;
				DEVELOPMENT_TEAM = 83PH4467L2;
				INFOPLIST_FILE = "闭包和函数/Info.plist";
				LD_RUNPATH_SEARCH_PATHS = "$(inherited) @executable_path/Frameworks";
				PRODUCT_BUNDLE_IDENTIFIER = "com.Dov.-----";
				PRODUCT_NAME = "$(TARGET_NAME)";
				SWIFT_VERSION = 4.0;
				TARGETED_DEVICE_FAMILY = "1,2";
			};
			name = Release;
		};
		18F5E4921F8E213600C8EDCC /* Debug */ = {
			isa = XCBuildConfiguration;
			buildSettings = {
				ASSETCATALOG_COMPILER_APPICON_NAME = AppIcon;
				CODE_SIGN_STYLE = Automatic;
				DEVELOPMENT_TEAM = 83PH4467L2;
				INFOPLIST_FILE = "对象和类/Info.plist";
				LD_RUNPATH_SEARCH_PATHS = "$(inherited) @executable_path/Frameworks";
				PRODUCT_BUNDLE_IDENTIFIER = "com.Dov.----";
				PRODUCT_NAME = "$(TARGET_NAME)";
				SWIFT_VERSION = 4.0;
				TARGETED_DEVICE_FAMILY = "1,2";
			};
			name = Debug;
		};
		18F5E4931F8E213600C8EDCC /* Release */ = {
			isa = XCBuildConfiguration;
			buildSettings = {
				ASSETCATALOG_COMPILER_APPICON_NAME = AppIcon;
				CODE_SIGN_STYLE = Automatic;
				DEVELOPMENT_TEAM = 83PH4467L2;
				INFOPLIST_FILE = "对象和类/Info.plist";
				LD_RUNPATH_SEARCH_PATHS = "$(inherited) @executable_path/Frameworks";
				PRODUCT_BUNDLE_IDENTIFIER = "com.Dov.----";
				PRODUCT_NAME = "$(TARGET_NAME)";
				SWIFT_VERSION = 4.0;
				TARGETED_DEVICE_FAMILY = "1,2";
			};
			name = Release;
		};
		18F5E4AC1F8F1E0800C8EDCC /* Debug */ = {
			isa = XCBuildConfiguration;
			buildSettings = {
				ASSETCATALOG_COMPILER_APPICON_NAME = AppIcon;
				CODE_SIGN_STYLE = Automatic;
				DEVELOPMENT_TEAM = 83PH4467L2;
				INFOPLIST_FILE = "枚举和结构体/Info.plist";
				LD_RUNPATH_SEARCH_PATHS = "$(inherited) @executable_path/Frameworks";
				PRODUCT_BUNDLE_IDENTIFIER = "com.Dov.------";
				PRODUCT_NAME = "$(TARGET_NAME)";
				SWIFT_VERSION = 4.0;
				TARGETED_DEVICE_FAMILY = "1,2";
			};
			name = Debug;
		};
		18F5E4AD1F8F1E0800C8EDCC /* Release */ = {
			isa = XCBuildConfiguration;
			buildSettings = {
				ASSETCATALOG_COMPILER_APPICON_NAME = AppIcon;
				CODE_SIGN_STYLE = Automatic;
				DEVELOPMENT_TEAM = 83PH4467L2;
				INFOPLIST_FILE = "枚举和结构体/Info.plist";
				LD_RUNPATH_SEARCH_PATHS = "$(inherited) @executable_path/Frameworks";
				PRODUCT_BUNDLE_IDENTIFIER = "com.Dov.------";
				PRODUCT_NAME = "$(TARGET_NAME)";
				SWIFT_VERSION = 4.0;
				TARGETED_DEVICE_FAMILY = "1,2";
			};
			name = Release;
		};
		18F5E4C21F8F745E00C8EDCC /* Debug */ = {
			isa = XCBuildConfiguration;
			buildSettings = {
				ASSETCATALOG_COMPILER_APPICON_NAME = AppIcon;
				CODE_SIGN_STYLE = Automatic;
				DEVELOPMENT_TEAM = 83PH4467L2;
				INFOPLIST_FILE = "协议和扩展/Info.plist";
				LD_RUNPATH_SEARCH_PATHS = "$(inherited) @executable_path/Frameworks";
				PRODUCT_BUNDLE_IDENTIFIER = "com.Dov.-----";
				PRODUCT_NAME = "$(TARGET_NAME)";
				SWIFT_VERSION = 4.0;
				TARGETED_DEVICE_FAMILY = "1,2";
			};
			name = Debug;
		};
		18F5E4C31F8F745E00C8EDCC /* Release */ = {
			isa = XCBuildConfiguration;
			buildSettings = {
				ASSETCATALOG_COMPILER_APPICON_NAME = AppIcon;
				CODE_SIGN_STYLE = Automatic;
				DEVELOPMENT_TEAM = 83PH4467L2;
				INFOPLIST_FILE = "协议和扩展/Info.plist";
				LD_RUNPATH_SEARCH_PATHS = "$(inherited) @executable_path/Frameworks";
				PRODUCT_BUNDLE_IDENTIFIER = "com.Dov.-----";
				PRODUCT_NAME = "$(TARGET_NAME)";
				SWIFT_VERSION = 4.0;
				TARGETED_DEVICE_FAMILY = "1,2";
			};
			name = Release;
		};
		E4DD3C96201F51D00042435C /* Debug */ = {
			isa = XCBuildConfiguration;
			buildSettings = {
				ASSETCATALOG_COMPILER_APPICON_NAME = AppIcon;
				CODE_SIGN_STYLE = Automatic;
				DEVELOPMENT_TEAM = 733QRH4LPJ;
				INFOPLIST_FILE = "错误处理/Info.plist";
				IPHONEOS_DEPLOYMENT_TARGET = 11.2;
				LD_RUNPATH_SEARCH_PATHS = "$(inherited) @executable_path/Frameworks";
				PRODUCT_BUNDLE_IDENTIFIER = "com.dov.----";
				PRODUCT_NAME = "$(TARGET_NAME)";
				SWIFT_VERSION = 4.0;
				TARGETED_DEVICE_FAMILY = "1,2";
			};
			name = Debug;
		};
		E4DD3C97201F51D00042435C /* Release */ = {
			isa = XCBuildConfiguration;
			buildSettings = {
				ASSETCATALOG_COMPILER_APPICON_NAME = AppIcon;
				CODE_SIGN_STYLE = Automatic;
				DEVELOPMENT_TEAM = 733QRH4LPJ;
				INFOPLIST_FILE = "错误处理/Info.plist";
				IPHONEOS_DEPLOYMENT_TARGET = 11.2;
				LD_RUNPATH_SEARCH_PATHS = "$(inherited) @executable_path/Frameworks";
				PRODUCT_BUNDLE_IDENTIFIER = "com.dov.----";
				PRODUCT_NAME = "$(TARGET_NAME)";
				SWIFT_VERSION = 4.0;
				TARGETED_DEVICE_FAMILY = "1,2";
			};
			name = Release;
		};
		E4DD3CAD201F5A780042435C /* Debug */ = {
			isa = XCBuildConfiguration;
			buildSettings = {
				ASSETCATALOG_COMPILER_APPICON_NAME = AppIcon;
				CODE_SIGN_STYLE = Automatic;
				DEVELOPMENT_TEAM = 733QRH4LPJ;
				INFOPLIST_FILE = "泛型/Info.plist";
				IPHONEOS_DEPLOYMENT_TARGET = 11.2;
				LD_RUNPATH_SEARCH_PATHS = "$(inherited) @executable_path/Frameworks";
				PRODUCT_BUNDLE_IDENTIFIER = "com.dov.--";
				PRODUCT_NAME = "$(TARGET_NAME)";
				SWIFT_VERSION = 4.0;
				TARGETED_DEVICE_FAMILY = "1,2";
			};
			name = Debug;
		};
		E4DD3CAE201F5A780042435C /* Release */ = {
			isa = XCBuildConfiguration;
			buildSettings = {
				ASSETCATALOG_COMPILER_APPICON_NAME = AppIcon;
				CODE_SIGN_STYLE = Automatic;
				DEVELOPMENT_TEAM = 733QRH4LPJ;
				INFOPLIST_FILE = "泛型/Info.plist";
				IPHONEOS_DEPLOYMENT_TARGET = 11.2;
				LD_RUNPATH_SEARCH_PATHS = "$(inherited) @executable_path/Frameworks";
				PRODUCT_BUNDLE_IDENTIFIER = "com.dov.--";
				PRODUCT_NAME = "$(TARGET_NAME)";
				SWIFT_VERSION = 4.0;
				TARGETED_DEVICE_FAMILY = "1,2";
			};
			name = Release;
		};
/* End XCBuildConfiguration section */

/* Begin XCConfigurationList section */
		18F5E3FD1F8DBEC200C8EDCC /* Build configuration list for PBXProject "SwiftDemo" */ = {
			isa = XCConfigurationList;
			buildConfigurations = (
				18F5E4281F8DBEC200C8EDCC /* Debug */,
				18F5E4291F8DBEC200C8EDCC /* Release */,
			);
			defaultConfigurationIsVisible = 0;
			defaultConfigurationName = Release;
		};
		18F5E42A1F8DBEC200C8EDCC /* Build configuration list for PBXNativeTarget "SwiftDemo" */ = {
			isa = XCConfigurationList;
			buildConfigurations = (
				18F5E42B1F8DBEC200C8EDCC /* Debug */,
				18F5E42C1F8DBEC200C8EDCC /* Release */,
			);
			defaultConfigurationIsVisible = 0;
			defaultConfigurationName = Release;
		};
		18F5E42D1F8DBEC200C8EDCC /* Build configuration list for PBXNativeTarget "SwiftDemoTests" */ = {
			isa = XCConfigurationList;
			buildConfigurations = (
				18F5E42E1F8DBEC200C8EDCC /* Debug */,
				18F5E42F1F8DBEC200C8EDCC /* Release */,
			);
			defaultConfigurationIsVisible = 0;
			defaultConfigurationName = Release;
		};
		18F5E4301F8DBEC200C8EDCC /* Build configuration list for PBXNativeTarget "SwiftDemoUITests" */ = {
			isa = XCConfigurationList;
			buildConfigurations = (
				18F5E4311F8DBEC200C8EDCC /* Debug */,
				18F5E4321F8DBEC200C8EDCC /* Release */,
			);
			defaultConfigurationIsVisible = 0;
			defaultConfigurationName = Release;
		};
		18F5E45F1F8E054E00C8EDCC /* Build configuration list for PBXNativeTarget "basicValue" */ = {
			isa = XCConfigurationList;
			buildConfigurations = (
				18F5E4601F8E054E00C8EDCC /* Debug */,
				18F5E4611F8E054E00C8EDCC /* Release */,
			);
			defaultConfigurationIsVisible = 0;
			defaultConfigurationName = Release;
		};
		18F5E4621F8E054E00C8EDCC /* Build configuration list for PBXNativeTarget "basicValueTests" */ = {
			isa = XCConfigurationList;
			buildConfigurations = (
				18F5E4631F8E054E00C8EDCC /* Debug */,
				18F5E4641F8E054E00C8EDCC /* Release */,
			);
			defaultConfigurationIsVisible = 0;
			defaultConfigurationName = Release;
		};
		18F5E4651F8E054E00C8EDCC /* Build configuration list for PBXNativeTarget "basicValueUITests" */ = {
			isa = XCConfigurationList;
			buildConfigurations = (
				18F5E4661F8E054E00C8EDCC /* Debug */,
				18F5E4671F8E054E00C8EDCC /* Release */,
			);
			defaultConfigurationIsVisible = 0;
			defaultConfigurationName = Release;
		};
		18F5E47B1F8E151600C8EDCC /* Build configuration list for PBXNativeTarget "闭包和函数" */ = {
			isa = XCConfigurationList;
			buildConfigurations = (
				18F5E47C1F8E151600C8EDCC /* Debug */,
				18F5E47D1F8E151600C8EDCC /* Release */,
			);
			defaultConfigurationIsVisible = 0;
			defaultConfigurationName = Release;
		};
		18F5E4911F8E213600C8EDCC /* Build configuration list for PBXNativeTarget "对象和类" */ = {
			isa = XCConfigurationList;
			buildConfigurations = (
				18F5E4921F8E213600C8EDCC /* Debug */,
				18F5E4931F8E213600C8EDCC /* Release */,
			);
			defaultConfigurationIsVisible = 0;
			defaultConfigurationName = Release;
		};
		18F5E4AB1F8F1E0800C8EDCC /* Build configuration list for PBXNativeTarget "枚举和结构体" */ = {
			isa = XCConfigurationList;
			buildConfigurations = (
				18F5E4AC1F8F1E0800C8EDCC /* Debug */,
				18F5E4AD1F8F1E0800C8EDCC /* Release */,
			);
			defaultConfigurationIsVisible = 0;
			defaultConfigurationName = Release;
		};
		18F5E4C11F8F745E00C8EDCC /* Build configuration list for PBXNativeTarget "协议和扩展" */ = {
			isa = XCConfigurationList;
			buildConfigurations = (
				18F5E4C21F8F745E00C8EDCC /* Debug */,
				18F5E4C31F8F745E00C8EDCC /* Release */,
			);
			defaultConfigurationIsVisible = 0;
			defaultConfigurationName = Release;
		};
		E4DD3C98201F51D00042435C /* Build configuration list for PBXNativeTarget "错误处理" */ = {
			isa = XCConfigurationList;
			buildConfigurations = (
				E4DD3C96201F51D00042435C /* Debug */,
				E4DD3C97201F51D00042435C /* Release */,
			);
			defaultConfigurationIsVisible = 0;
			defaultConfigurationName = Release;
		};
		E4DD3CAC201F5A780042435C /* Build configuration list for PBXNativeTarget "泛型" */ = {
			isa = XCConfigurationList;
			buildConfigurations = (
				E4DD3CAD201F5A780042435C /* Debug */,
				E4DD3CAE201F5A780042435C /* Release */,
			);
			defaultConfigurationIsVisible = 0;
			defaultConfigurationName = Release;
		};
/* End XCConfigurationList section */
	};
	rootObject = 18F5E3FA1F8DBEC200C8EDCC /* Project object */;
}
